
Microsoft Visual Studio Solution File, Format Version 12.00
# Visual Studio Version 17
VisualStudioVersion = 17.1.32407.343
MinimumVisualStudioVersion = 10.0.40219.1
Project("{FAE04EC0-301F-11D3-BF4B-00C04F79EFBC}") = "SampleApplication", "SampleApplication\SampleApplication.csproj", "{5B6A3788-0B30-4794-A182-6B43F3F2194A}"
	ProjectSection(ProjectDependencies) = postProject
		{EBE415F5-D235-4BA4-8C53-6B09D1C72B90} = {EBE415F5-D235-4BA4-8C53-6B09D1C72B90}
	EndProjectSection
EndProject
Project("{FAE04EC0-301F-11D3-BF4B-00C04F79EFBC}") = "UwpControlsLibrary", "UwpControlsLibrary\UwpControlsLibrary.csproj", "{EBE415F5-D235-4BA4-8C53-6B09D1C72B90}"
EndProject
Project("{FAE04EC0-301F-11D3-BF4B-00C04F79EFBC}") = "KnobSampleapp", "KnobSampleapp\KnobSampleapp.csproj", "{EB1328CA-0078-4A46-8B38-6EE4B4B54C2E}"
EndProject
Project("{FAE04EC0-301F-11D3-BF4B-00C04F79EFBC}") = "CompoundExample", "CompoundExample\CompoundExample.csproj", "{A2A209FD-E882-492D-AD7E-998BEE074D47}"
EndProject
Project("{FAE04EC0-301F-11D3-BF4B-00C04F79EFBC}") = "GenerateCode", "GenerateCode\GenerateCode.csproj", "{5B2C61BC-CC3F-498B-A9F1-8581B8674E1A}"
EndProject
Project("{FAE04EC0-301F-11D3-BF4B-00C04F79EFBC}") = "ContentDialogExample", "ContentDialogExample\ContentDialogExample.csproj", "{5318E78F-C960-4D1B-8B4C-F3A1966809A9}"
EndProject
Project("{FAE04EC0-301F-11D3-BF4B-00C04F79EFBC}") = "ListViewAndStackPanelExample", "ListViewAndStackPanelExample\ListViewAndStackPanelExample.csproj", "{48074272-B3BB-4ECB-9CD6-8DAF7E06D381}"
	ProjectSection(ProjectDependencies) = postProject
		{EBE415F5-D235-4BA4-8C53-6B09D1C72B90} = {EBE415F5-D235-4BA4-8C53-6B09D1C72B90}
	EndProjectSection
EndProject
Project("{FAE04EC0-301F-11D3-BF4B-00C04F79EFBC}") = "TreeViewExample", "TreeViewExample\TreeViewExample.csproj", "{5133C1E6-A0C2-4E29-BE73-3BBACB70C56B}"
EndProject
Project("{FAE04EC0-301F-11D3-BF4B-00C04F79EFBC}") = "PopupMenuSampleApp", "PopupMenuSampleApp\PopupMenuSampleApp.csproj", "{9D579C5A-F4EA-4873-859F-D699FA4E25D2}"
	ProjectSection(ProjectDependencies) = postProject
		{EBE415F5-D235-4BA4-8C53-6B09D1C72B90} = {EBE415F5-D235-4BA4-8C53-6B09D1C72B90}
	EndProjectSection
EndProject
Project("{FAE04EC0-301F-11D3-BF4B-00C04F79EFBC}") = "SliderSampleapp", "SliderSampleapp\SliderSampleapp.csproj", "{56F6BD18-05DE-4FD2-88D7-C85C968C0DB7}"
EndProject
Project("{FAE04EC0-301F-11D3-BF4B-00C04F79EFBC}") = "MIDI_SampleApp", "MIDI_SampleApp\MIDI_SampleApp.csproj", "{81D69B7B-3AD3-4307-9AD6-E2CFDBAE1809}"
	ProjectSection(ProjectDependencies) = postProject
		{EBE415F5-D235-4BA4-8C53-6B09D1C72B90} = {EBE415F5-D235-4BA4-8C53-6B09D1C72B90}
	EndProjectSection
EndProject
Project("{FAE04EC0-301F-11D3-BF4B-00C04F79EFBC}") = "SynthesizerSampleapp", "SynthesizerSampleapp\SynthesizerSampleapp.csproj", "{03A9D393-18EF-47D7-BF04-820B2AB80B9B}"
	ProjectSection(ProjectDependencies) = postProject
		{EBE415F5-D235-4BA4-8C53-6B09D1C72B90} = {EBE415F5-D235-4BA4-8C53-6B09D1C72B90}
	EndProjectSection
EndProject
Project("{FAE04EC0-301F-11D3-BF4B-00C04F79EFBC}") = "AddRemoveAddControls", "AddRemoveAddControls\AddRemoveAddControls.csproj", "{96B04F2F-BB9B-4A0E-87FF-B01E8C4A40AC}"
	ProjectSection(ProjectDependencies) = postProject
		{EBE415F5-D235-4BA4-8C53-6B09D1C72B90} = {EBE415F5-D235-4BA4-8C53-6B09D1C72B90}
	EndProjectSection
EndProject
Global
	GlobalSection(SolutionConfigurationPlatforms) = preSolution
		Debug|Any CPU = Debug|Any CPU
		Debug|ARM = Debug|ARM
		Debug|ARM64 = Debug|ARM64
		Debug|x64 = Debug|x64
		Debug|x86 = Debug|x86
		Release|Any CPU = Release|Any CPU
		Release|ARM = Release|ARM
		Release|ARM64 = Release|ARM64
		Release|x64 = Release|x64
		Release|x86 = Release|x86
	EndGlobalSection
	GlobalSection(ProjectConfigurationPlatforms) = postSolution
		{5B6A3788-0B30-4794-A182-6B43F3F2194A}.Debug|Any CPU.ActiveCfg = Debug|x86
		{5B6A3788-0B30-4794-A182-6B43F3F2194A}.Debug|ARM.ActiveCfg = Debug|ARM
		{5B6A3788-0B30-4794-A182-6B43F3F2194A}.Debug|ARM.Build.0 = Debug|ARM
		{5B6A3788-0B30-4794-A182-6B43F3F2194A}.Debug|ARM.Deploy.0 = Debug|ARM
		{5B6A3788-0B30-4794-A182-6B43F3F2194A}.Debug|ARM64.ActiveCfg = Debug|ARM64
		{5B6A3788-0B30-4794-A182-6B43F3F2194A}.Debug|ARM64.Build.0 = Debug|ARM64
		{5B6A3788-0B30-4794-A182-6B43F3F2194A}.Debug|ARM64.Deploy.0 = Debug|ARM64
		{5B6A3788-0B30-4794-A182-6B43F3F2194A}.Debug|x64.ActiveCfg = Debug|x64
		{5B6A3788-0B30-4794-A182-6B43F3F2194A}.Debug|x64.Build.0 = Debug|x64
		{5B6A3788-0B30-4794-A182-6B43F3F2194A}.Debug|x64.Deploy.0 = Debug|x64
		{5B6A3788-0B30-4794-A182-6B43F3F2194A}.Debug|x86.ActiveCfg = Debug|x86
		{5B6A3788-0B30-4794-A182-6B43F3F2194A}.Debug|x86.Build.0 = Debug|x86
		{5B6A3788-0B30-4794-A182-6B43F3F2194A}.Debug|x86.Deploy.0 = Debug|x86
		{5B6A3788-0B30-4794-A182-6B43F3F2194A}.Release|Any CPU.ActiveCfg = Release|x86
		{5B6A3788-0B30-4794-A182-6B43F3F2194A}.Release|ARM.ActiveCfg = Release|ARM
		{5B6A3788-0B30-4794-A182-6B43F3F2194A}.Release|ARM.Build.0 = Release|ARM
		{5B6A3788-0B30-4794-A182-6B43F3F2194A}.Release|ARM.Deploy.0 = Release|ARM
		{5B6A3788-0B30-4794-A182-6B43F3F2194A}.Release|ARM64.ActiveCfg = Release|ARM64
		{5B6A3788-0B30-4794-A182-6B43F3F2194A}.Release|ARM64.Build.0 = Release|ARM64
		{5B6A3788-0B30-4794-A182-6B43F3F2194A}.Release|ARM64.Deploy.0 = Release|ARM64
		{5B6A3788-0B30-4794-A182-6B43F3F2194A}.Release|x64.ActiveCfg = Release|x64
		{5B6A3788-0B30-4794-A182-6B43F3F2194A}.Release|x64.Build.0 = Release|x64
		{5B6A3788-0B30-4794-A182-6B43F3F2194A}.Release|x64.Deploy.0 = Release|x64
		{5B6A3788-0B30-4794-A182-6B43F3F2194A}.Release|x86.ActiveCfg = Release|x86
		{5B6A3788-0B30-4794-A182-6B43F3F2194A}.Release|x86.Build.0 = Release|x86
		{5B6A3788-0B30-4794-A182-6B43F3F2194A}.Release|x86.Deploy.0 = Release|x86
		{EBE415F5-D235-4BA4-8C53-6B09D1C72B90}.Debug|Any CPU.ActiveCfg = Debug|Any CPU
		{EBE415F5-D235-4BA4-8C53-6B09D1C72B90}.Debug|Any CPU.Build.0 = Debug|Any CPU
		{EBE415F5-D235-4BA4-8C53-6B09D1C72B90}.Debug|ARM.ActiveCfg = Debug|ARM
		{EBE415F5-D235-4BA4-8C53-6B09D1C72B90}.Debug|ARM.Build.0 = Debug|ARM
		{EBE415F5-D235-4BA4-8C53-6B09D1C72B90}.Debug|ARM64.ActiveCfg = Debug|ARM64
		{EBE415F5-D235-4BA4-8C53-6B09D1C72B90}.Debug|ARM64.Build.0 = Debug|ARM64
		{EBE415F5-D235-4BA4-8C53-6B09D1C72B90}.Debug|x64.ActiveCfg = Debug|x64
		{EBE415F5-D235-4BA4-8C53-6B09D1C72B90}.Debug|x64.Build.0 = Debug|x64
		{EBE415F5-D235-4BA4-8C53-6B09D1C72B90}.Debug|x86.ActiveCfg = Debug|x86
		{EBE415F5-D235-4BA4-8C53-6B09D1C72B90}.Debug|x86.Build.0 = Debug|x86
		{EBE415F5-D235-4BA4-8C53-6B09D1C72B90}.Release|Any CPU.ActiveCfg = Release|Any CPU
		{EBE415F5-D235-4BA4-8C53-6B09D1C72B90}.Release|Any CPU.Build.0 = Release|Any CPU
		{EBE415F5-D235-4BA4-8C53-6B09D1C72B90}.Release|ARM.ActiveCfg = Release|ARM
		{EBE415F5-D235-4BA4-8C53-6B09D1C72B90}.Release|ARM.Build.0 = Release|ARM
		{EBE415F5-D235-4BA4-8C53-6B09D1C72B90}.Release|ARM64.ActiveCfg = Release|ARM64
		{EBE415F5-D235-4BA4-8C53-6B09D1C72B90}.Release|ARM64.Build.0 = Release|ARM64
		{EBE415F5-D235-4BA4-8C53-6B09D1C72B90}.Release|x64.ActiveCfg = Release|x64
		{EBE415F5-D235-4BA4-8C53-6B09D1C72B90}.Release|x64.Build.0 = Release|x64
		{EBE415F5-D235-4BA4-8C53-6B09D1C72B90}.Release|x86.ActiveCfg = Release|x86
		{EBE415F5-D235-4BA4-8C53-6B09D1C72B90}.Release|x86.Build.0 = Release|x86
		{EB1328CA-0078-4A46-8B38-6EE4B4B54C2E}.Debug|Any CPU.ActiveCfg = Debug|x86
		{EB1328CA-0078-4A46-8B38-6EE4B4B54C2E}.Debug|ARM.ActiveCfg = Debug|ARM
		{EB1328CA-0078-4A46-8B38-6EE4B4B54C2E}.Debug|ARM.Build.0 = Debug|ARM
		{EB1328CA-0078-4A46-8B38-6EE4B4B54C2E}.Debug|ARM.Deploy.0 = Debug|ARM
		{EB1328CA-0078-4A46-8B38-6EE4B4B54C2E}.Debug|ARM64.ActiveCfg = Debug|ARM64
		{EB1328CA-0078-4A46-8B38-6EE4B4B54C2E}.Debug|ARM64.Build.0 = Debug|ARM64
		{EB1328CA-0078-4A46-8B38-6EE4B4B54C2E}.Debug|ARM64.Deploy.0 = Debug|ARM64
		{EB1328CA-0078-4A46-8B38-6EE4B4B54C2E}.Debug|x64.ActiveCfg = Debug|x64
		{EB1328CA-0078-4A46-8B38-6EE4B4B54C2E}.Debug|x64.Build.0 = Debug|x64
		{EB1328CA-0078-4A46-8B38-6EE4B4B54C2E}.Debug|x64.Deploy.0 = Debug|x64
		{EB1328CA-0078-4A46-8B38-6EE4B4B54C2E}.Debug|x86.ActiveCfg = Debug|x86
		{EB1328CA-0078-4A46-8B38-6EE4B4B54C2E}.Debug|x86.Build.0 = Debug|x86
		{EB1328CA-0078-4A46-8B38-6EE4B4B54C2E}.Debug|x86.Deploy.0 = Debug|x86
		{EB1328CA-0078-4A46-8B38-6EE4B4B54C2E}.Release|Any CPU.ActiveCfg = Release|x86
		{EB1328CA-0078-4A46-8B38-6EE4B4B54C2E}.Release|ARM.ActiveCfg = Release|ARM
		{EB1328CA-0078-4A46-8B38-6EE4B4B54C2E}.Release|ARM.Build.0 = Release|ARM
		{EB1328CA-0078-4A46-8B38-6EE4B4B54C2E}.Release|ARM.Deploy.0 = Release|ARM
		{EB1328CA-0078-4A46-8B38-6EE4B4B54C2E}.Release|ARM64.ActiveCfg = Release|ARM64
		{EB1328CA-0078-4A46-8B38-6EE4B4B54C2E}.Release|ARM64.Build.0 = Release|ARM64
		{EB1328CA-0078-4A46-8B38-6EE4B4B54C2E}.Release|ARM64.Deploy.0 = Release|ARM64
		{EB1328CA-0078-4A46-8B38-6EE4B4B54C2E}.Release|x64.ActiveCfg = Release|x64
		{EB1328CA-0078-4A46-8B38-6EE4B4B54C2E}.Release|x64.Build.0 = Release|x64
		{EB1328CA-0078-4A46-8B38-6EE4B4B54C2E}.Release|x64.Deploy.0 = Release|x64
		{EB1328CA-0078-4A46-8B38-6EE4B4B54C2E}.Release|x86.ActiveCfg = Release|x86
		{EB1328CA-0078-4A46-8B38-6EE4B4B54C2E}.Release|x86.Build.0 = Release|x86
		{EB1328CA-0078-4A46-8B38-6EE4B4B54C2E}.Release|x86.Deploy.0 = Release|x86
		{A2A209FD-E882-492D-AD7E-998BEE074D47}.Debug|Any CPU.ActiveCfg = Debug|x86
		{A2A209FD-E882-492D-AD7E-998BEE074D47}.Debug|ARM.ActiveCfg = Debug|ARM
		{A2A209FD-E882-492D-AD7E-998BEE074D47}.Debug|ARM.Build.0 = Debug|ARM
		{A2A209FD-E882-492D-AD7E-998BEE074D47}.Debug|ARM.Deploy.0 = Debug|ARM
		{A2A209FD-E882-492D-AD7E-998BEE074D47}.Debug|ARM64.ActiveCfg = Debug|ARM64
		{A2A209FD-E882-492D-AD7E-998BEE074D47}.Debug|ARM64.Build.0 = Debug|ARM64
		{A2A209FD-E882-492D-AD7E-998BEE074D47}.Debug|ARM64.Deploy.0 = Debug|ARM64
		{A2A209FD-E882-492D-AD7E-998BEE074D47}.Debug|x64.ActiveCfg = Debug|x64
		{A2A209FD-E882-492D-AD7E-998BEE074D47}.Debug|x64.Build.0 = Debug|x64
		{A2A209FD-E882-492D-AD7E-998BEE074D47}.Debug|x64.Deploy.0 = Debug|x64
		{A2A209FD-E882-492D-AD7E-998BEE074D47}.Debug|x86.ActiveCfg = Debug|x86
		{A2A209FD-E882-492D-AD7E-998BEE074D47}.Debug|x86.Build.0 = Debug|x86
		{A2A209FD-E882-492D-AD7E-998BEE074D47}.Debug|x86.Deploy.0 = Debug|x86
		{A2A209FD-E882-492D-AD7E-998BEE074D47}.Release|Any CPU.ActiveCfg = Release|x86
		{A2A209FD-E882-492D-AD7E-998BEE074D47}.Release|ARM.ActiveCfg = Release|ARM
		{A2A209FD-E882-492D-AD7E-998BEE074D47}.Release|ARM.Build.0 = Release|ARM
		{A2A209FD-E882-492D-AD7E-998BEE074D47}.Release|ARM.Deploy.0 = Release|ARM
		{A2A209FD-E882-492D-AD7E-998BEE074D47}.Release|ARM64.ActiveCfg = Release|ARM64
		{A2A209FD-E882-492D-AD7E-998BEE074D47}.Release|ARM64.Build.0 = Release|ARM64
		{A2A209FD-E882-492D-AD7E-998BEE074D47}.Release|ARM64.Deploy.0 = Release|ARM64
		{A2A209FD-E882-492D-AD7E-998BEE074D47}.Release|x64.ActiveCfg = Release|x64
		{A2A209FD-E882-492D-AD7E-998BEE074D47}.Release|x64.Build.0 = Release|x64
		{A2A209FD-E882-492D-AD7E-998BEE074D47}.Release|x64.Deploy.0 = Release|x64
		{A2A209FD-E882-492D-AD7E-998BEE074D47}.Release|x86.ActiveCfg = Release|x86
		{A2A209FD-E882-492D-AD7E-998BEE074D47}.Release|x86.Build.0 = Release|x86
		{A2A209FD-E882-492D-AD7E-998BEE074D47}.Release|x86.Deploy.0 = Release|x86
		{5B2C61BC-CC3F-498B-A9F1-8581B8674E1A}.Debug|Any CPU.ActiveCfg = Debug|x86
		{5B2C61BC-CC3F-498B-A9F1-8581B8674E1A}.Debug|ARM.ActiveCfg = Debug|ARM
		{5B2C61BC-CC3F-498B-A9F1-8581B8674E1A}.Debug|ARM.Build.0 = Debug|ARM
		{5B2C61BC-CC3F-498B-A9F1-8581B8674E1A}.Debug|ARM.Deploy.0 = Debug|ARM
		{5B2C61BC-CC3F-498B-A9F1-8581B8674E1A}.Debug|ARM64.ActiveCfg = Debug|ARM64
		{5B2C61BC-CC3F-498B-A9F1-8581B8674E1A}.Debug|ARM64.Build.0 = Debug|ARM64
		{5B2C61BC-CC3F-498B-A9F1-8581B8674E1A}.Debug|ARM64.Deploy.0 = Debug|ARM64
		{5B2C61BC-CC3F-498B-A9F1-8581B8674E1A}.Debug|x64.ActiveCfg = Debug|x64
		{5B2C61BC-CC3F-498B-A9F1-8581B8674E1A}.Debug|x64.Build.0 = Debug|x64
		{5B2C61BC-CC3F-498B-A9F1-8581B8674E1A}.Debug|x64.Deploy.0 = Debug|x64
		{5B2C61BC-CC3F-498B-A9F1-8581B8674E1A}.Debug|x86.ActiveCfg = Debug|x86
		{5B2C61BC-CC3F-498B-A9F1-8581B8674E1A}.Debug|x86.Build.0 = Debug|x86
		{5B2C61BC-CC3F-498B-A9F1-8581B8674E1A}.Debug|x86.Deploy.0 = Debug|x86
		{5B2C61BC-CC3F-498B-A9F1-8581B8674E1A}.Release|Any CPU.ActiveCfg = Release|x86
		{5B2C61BC-CC3F-498B-A9F1-8581B8674E1A}.Release|ARM.ActiveCfg = Release|ARM
		{5B2C61BC-CC3F-498B-A9F1-8581B8674E1A}.Release|ARM.Build.0 = Release|ARM
		{5B2C61BC-CC3F-498B-A9F1-8581B8674E1A}.Release|ARM.Deploy.0 = Release|ARM
		{5B2C61BC-CC3F-498B-A9F1-8581B8674E1A}.Release|ARM64.ActiveCfg = Release|ARM64
		{5B2C61BC-CC3F-498B-A9F1-8581B8674E1A}.Release|ARM64.Build.0 = Release|ARM64
		{5B2C61BC-CC3F-498B-A9F1-8581B8674E1A}.Release|ARM64.Deploy.0 = Release|ARM64
		{5B2C61BC-CC3F-498B-A9F1-8581B8674E1A}.Release|x64.ActiveCfg = Release|x64
		{5B2C61BC-CC3F-498B-A9F1-8581B8674E1A}.Release|x64.Build.0 = Release|x64
		{5B2C61BC-CC3F-498B-A9F1-8581B8674E1A}.Release|x64.Deploy.0 = Release|x64
		{5B2C61BC-CC3F-498B-A9F1-8581B8674E1A}.Release|x86.ActiveCfg = Release|x86
		{5B2C61BC-CC3F-498B-A9F1-8581B8674E1A}.Release|x86.Build.0 = Release|x86
		{5B2C61BC-CC3F-498B-A9F1-8581B8674E1A}.Release|x86.Deploy.0 = Release|x86
		{5318E78F-C960-4D1B-8B4C-F3A1966809A9}.Debug|Any CPU.ActiveCfg = Debug|x86
		{5318E78F-C960-4D1B-8B4C-F3A1966809A9}.Debug|ARM.ActiveCfg = Debug|ARM
		{5318E78F-C960-4D1B-8B4C-F3A1966809A9}.Debug|ARM.Build.0 = Debug|ARM
		{5318E78F-C960-4D1B-8B4C-F3A1966809A9}.Debug|ARM.Deploy.0 = Debug|ARM
		{5318E78F-C960-4D1B-8B4C-F3A1966809A9}.Debug|ARM64.ActiveCfg = Debug|ARM64
		{5318E78F-C960-4D1B-8B4C-F3A1966809A9}.Debug|ARM64.Build.0 = Debug|ARM64
		{5318E78F-C960-4D1B-8B4C-F3A1966809A9}.Debug|ARM64.Deploy.0 = Debug|ARM64
		{5318E78F-C960-4D1B-8B4C-F3A1966809A9}.Debug|x64.ActiveCfg = Debug|x64
		{5318E78F-C960-4D1B-8B4C-F3A1966809A9}.Debug|x64.Build.0 = Debug|x64
		{5318E78F-C960-4D1B-8B4C-F3A1966809A9}.Debug|x64.Deploy.0 = Debug|x64
		{5318E78F-C960-4D1B-8B4C-F3A1966809A9}.Debug|x86.ActiveCfg = Debug|x86
		{5318E78F-C960-4D1B-8B4C-F3A1966809A9}.Debug|x86.Build.0 = Debug|x86
		{5318E78F-C960-4D1B-8B4C-F3A1966809A9}.Debug|x86.Deploy.0 = Debug|x86
		{5318E78F-C960-4D1B-8B4C-F3A1966809A9}.Release|Any CPU.ActiveCfg = Release|x86
		{5318E78F-C960-4D1B-8B4C-F3A1966809A9}.Release|ARM.ActiveCfg = Release|ARM
		{5318E78F-C960-4D1B-8B4C-F3A1966809A9}.Release|ARM.Build.0 = Release|ARM
		{5318E78F-C960-4D1B-8B4C-F3A1966809A9}.Release|ARM.Deploy.0 = Release|ARM
		{5318E78F-C960-4D1B-8B4C-F3A1966809A9}.Release|ARM64.ActiveCfg = Release|ARM64
		{5318E78F-C960-4D1B-8B4C-F3A1966809A9}.Release|ARM64.Build.0 = Release|ARM64
		{5318E78F-C960-4D1B-8B4C-F3A1966809A9}.Release|ARM64.Deploy.0 = Release|ARM64
		{5318E78F-C960-4D1B-8B4C-F3A1966809A9}.Release|x64.ActiveCfg = Release|x64
		{5318E78F-C960-4D1B-8B4C-F3A1966809A9}.Release|x64.Build.0 = Release|x64
		{5318E78F-C960-4D1B-8B4C-F3A1966809A9}.Release|x64.Deploy.0 = Release|x64
		{5318E78F-C960-4D1B-8B4C-F3A1966809A9}.Release|x86.ActiveCfg = Release|x86
		{5318E78F-C960-4D1B-8B4C-F3A1966809A9}.Release|x86.Build.0 = Release|x86
		{5318E78F-C960-4D1B-8B4C-F3A1966809A9}.Release|x86.Deploy.0 = Release|x86
		{48074272-B3BB-4ECB-9CD6-8DAF7E06D381}.Debug|Any CPU.ActiveCfg = Debug|x86
		{48074272-B3BB-4ECB-9CD6-8DAF7E06D381}.Debug|ARM.ActiveCfg = Debug|ARM
		{48074272-B3BB-4ECB-9CD6-8DAF7E06D381}.Debug|ARM.Build.0 = Debug|ARM
		{48074272-B3BB-4ECB-9CD6-8DAF7E06D381}.Debug|ARM.Deploy.0 = Debug|ARM
		{48074272-B3BB-4ECB-9CD6-8DAF7E06D381}.Debug|ARM64.ActiveCfg = Debug|ARM64
		{48074272-B3BB-4ECB-9CD6-8DAF7E06D381}.Debug|ARM64.Build.0 = Debug|ARM64
		{48074272-B3BB-4ECB-9CD6-8DAF7E06D381}.Debug|ARM64.Deploy.0 = Debug|ARM64
		{48074272-B3BB-4ECB-9CD6-8DAF7E06D381}.Debug|x64.ActiveCfg = Debug|x64
		{48074272-B3BB-4ECB-9CD6-8DAF7E06D381}.Debug|x64.Build.0 = Debug|x64
		{48074272-B3BB-4ECB-9CD6-8DAF7E06D381}.Debug|x64.Deploy.0 = Debug|x64
		{48074272-B3BB-4ECB-9CD6-8DAF7E06D381}.Debug|x86.ActiveCfg = Debug|x86
		{48074272-B3BB-4ECB-9CD6-8DAF7E06D381}.Debug|x86.Build.0 = Debug|x86
		{48074272-B3BB-4ECB-9CD6-8DAF7E06D381}.Debug|x86.Deploy.0 = Debug|x86
		{48074272-B3BB-4ECB-9CD6-8DAF7E06D381}.Release|Any CPU.ActiveCfg = Release|x86
		{48074272-B3BB-4ECB-9CD6-8DAF7E06D381}.Release|ARM.ActiveCfg = Release|ARM
		{48074272-B3BB-4ECB-9CD6-8DAF7E06D381}.Release|ARM.Build.0 = Release|ARM
		{48074272-B3BB-4ECB-9CD6-8DAF7E06D381}.Release|ARM.Deploy.0 = Release|ARM
		{48074272-B3BB-4ECB-9CD6-8DAF7E06D381}.Release|ARM64.ActiveCfg = Release|ARM64
		{48074272-B3BB-4ECB-9CD6-8DAF7E06D381}.Release|ARM64.Build.0 = Release|ARM64
		{48074272-B3BB-4ECB-9CD6-8DAF7E06D381}.Release|ARM64.Deploy.0 = Release|ARM64
		{48074272-B3BB-4ECB-9CD6-8DAF7E06D381}.Release|x64.ActiveCfg = Release|x64
		{48074272-B3BB-4ECB-9CD6-8DAF7E06D381}.Release|x64.Build.0 = Release|x64
		{48074272-B3BB-4ECB-9CD6-8DAF7E06D381}.Release|x64.Deploy.0 = Release|x64
		{48074272-B3BB-4ECB-9CD6-8DAF7E06D381}.Release|x86.ActiveCfg = Release|x86
		{48074272-B3BB-4ECB-9CD6-8DAF7E06D381}.Release|x86.Build.0 = Release|x86
		{48074272-B3BB-4ECB-9CD6-8DAF7E06D381}.Release|x86.Deploy.0 = Release|x86
		{5133C1E6-A0C2-4E29-BE73-3BBACB70C56B}.Debug|Any CPU.ActiveCfg = Debug|x64
		{5133C1E6-A0C2-4E29-BE73-3BBACB70C56B}.Debug|Any CPU.Build.0 = Debug|x64
		{5133C1E6-A0C2-4E29-BE73-3BBACB70C56B}.Debug|Any CPU.Deploy.0 = Debug|x64
		{5133C1E6-A0C2-4E29-BE73-3BBACB70C56B}.Debug|ARM.ActiveCfg = Debug|ARM
		{5133C1E6-A0C2-4E29-BE73-3BBACB70C56B}.Debug|ARM.Build.0 = Debug|ARM
		{5133C1E6-A0C2-4E29-BE73-3BBACB70C56B}.Debug|ARM.Deploy.0 = Debug|ARM
		{5133C1E6-A0C2-4E29-BE73-3BBACB70C56B}.Debug|ARM64.ActiveCfg = Debug|ARM64
		{5133C1E6-A0C2-4E29-BE73-3BBACB70C56B}.Debug|ARM64.Build.0 = Debug|ARM64
		{5133C1E6-A0C2-4E29-BE73-3BBACB70C56B}.Debug|ARM64.Deploy.0 = Debug|ARM64
		{5133C1E6-A0C2-4E29-BE73-3BBACB70C56B}.Debug|x64.ActiveCfg = Debug|x64
		{5133C1E6-A0C2-4E29-BE73-3BBACB70C56B}.Debug|x64.Build.0 = Debug|x64
		{5133C1E6-A0C2-4E29-BE73-3BBACB70C56B}.Debug|x64.Deploy.0 = Debug|x64
		{5133C1E6-A0C2-4E29-BE73-3BBACB70C56B}.Debug|x86.ActiveCfg = Debug|x86
		{5133C1E6-A0C2-4E29-BE73-3BBACB70C56B}.Debug|x86.Build.0 = Debug|x86
		{5133C1E6-A0C2-4E29-BE73-3BBACB70C56B}.Debug|x86.Deploy.0 = Debug|x86
		{5133C1E6-A0C2-4E29-BE73-3BBACB70C56B}.Release|Any CPU.ActiveCfg = Release|x64
		{5133C1E6-A0C2-4E29-BE73-3BBACB70C56B}.Release|Any CPU.Build.0 = Release|x64
		{5133C1E6-A0C2-4E29-BE73-3BBACB70C56B}.Release|Any CPU.Deploy.0 = Release|x64
		{5133C1E6-A0C2-4E29-BE73-3BBACB70C56B}.Release|ARM.ActiveCfg = Release|ARM
		{5133C1E6-A0C2-4E29-BE73-3BBACB70C56B}.Release|ARM.Build.0 = Release|ARM
		{5133C1E6-A0C2-4E29-BE73-3BBACB70C56B}.Release|ARM.Deploy.0 = Release|ARM
		{5133C1E6-A0C2-4E29-BE73-3BBACB70C56B}.Release|ARM64.ActiveCfg = Release|ARM64
		{5133C1E6-A0C2-4E29-BE73-3BBACB70C56B}.Release|ARM64.Build.0 = Release|ARM64
		{5133C1E6-A0C2-4E29-BE73-3BBACB70C56B}.Release|ARM64.Deploy.0 = Release|ARM64
		{5133C1E6-A0C2-4E29-BE73-3BBACB70C56B}.Release|x64.ActiveCfg = Release|x64
		{5133C1E6-A0C2-4E29-BE73-3BBACB70C56B}.Release|x64.Build.0 = Release|x64
		{5133C1E6-A0C2-4E29-BE73-3BBACB70C56B}.Release|x64.Deploy.0 = Release|x64
		{5133C1E6-A0C2-4E29-BE73-3BBACB70C56B}.Release|x86.ActiveCfg = Release|x86
		{5133C1E6-A0C2-4E29-BE73-3BBACB70C56B}.Release|x86.Build.0 = Release|x86
		{5133C1E6-A0C2-4E29-BE73-3BBACB70C56B}.Release|x86.Deploy.0 = Release|x86
		{9D579C5A-F4EA-4873-859F-D699FA4E25D2}.Debug|Any CPU.ActiveCfg = Debug|x64
		{9D579C5A-F4EA-4873-859F-D699FA4E25D2}.Debug|Any CPU.Build.0 = Debug|x64
		{9D579C5A-F4EA-4873-859F-D699FA4E25D2}.Debug|Any CPU.Deploy.0 = Debug|x64
		{9D579C5A-F4EA-4873-859F-D699FA4E25D2}.Debug|ARM.ActiveCfg = Debug|ARM
		{9D579C5A-F4EA-4873-859F-D699FA4E25D2}.Debug|ARM.Build.0 = Debug|ARM
		{9D579C5A-F4EA-4873-859F-D699FA4E25D2}.Debug|ARM.Deploy.0 = Debug|ARM
		{9D579C5A-F4EA-4873-859F-D699FA4E25D2}.Debug|ARM64.ActiveCfg = Debug|ARM64
		{9D579C5A-F4EA-4873-859F-D699FA4E25D2}.Debug|ARM64.Build.0 = Debug|ARM64
		{9D579C5A-F4EA-4873-859F-D699FA4E25D2}.Debug|ARM64.Deploy.0 = Debug|ARM64
		{9D579C5A-F4EA-4873-859F-D699FA4E25D2}.Debug|x64.ActiveCfg = Debug|x64
		{9D579C5A-F4EA-4873-859F-D699FA4E25D2}.Debug|x64.Build.0 = Debug|x64
		{9D579C5A-F4EA-4873-859F-D699FA4E25D2}.Debug|x64.Deploy.0 = Debug|x64
		{9D579C5A-F4EA-4873-859F-D699FA4E25D2}.Debug|x86.ActiveCfg = Debug|x86
		{9D579C5A-F4EA-4873-859F-D699FA4E25D2}.Debug|x86.Build.0 = Debug|x86
		{9D579C5A-F4EA-4873-859F-D699FA4E25D2}.Debug|x86.Deploy.0 = Debug|x86
		{9D579C5A-F4EA-4873-859F-D699FA4E25D2}.Release|Any CPU.ActiveCfg = Release|x64
		{9D579C5A-F4EA-4873-859F-D699FA4E25D2}.Release|Any CPU.Build.0 = Release|x64
		{9D579C5A-F4EA-4873-859F-D699FA4E25D2}.Release|Any CPU.Deploy.0 = Release|x64
		{9D579C5A-F4EA-4873-859F-D699FA4E25D2}.Release|ARM.ActiveCfg = Release|ARM
		{9D579C5A-F4EA-4873-859F-D699FA4E25D2}.Release|ARM.Build.0 = Release|ARM
		{9D579C5A-F4EA-4873-859F-D699FA4E25D2}.Release|ARM.Deploy.0 = Release|ARM
		{9D579C5A-F4EA-4873-859F-D699FA4E25D2}.Release|ARM64.ActiveCfg = Release|ARM64
		{9D579C5A-F4EA-4873-859F-D699FA4E25D2}.Release|ARM64.Build.0 = Release|ARM64
		{9D579C5A-F4EA-4873-859F-D699FA4E25D2}.Release|ARM64.Deploy.0 = Release|ARM64
		{9D579C5A-F4EA-4873-859F-D699FA4E25D2}.Release|x64.ActiveCfg = Release|x64
		{9D579C5A-F4EA-4873-859F-D699FA4E25D2}.Release|x64.Build.0 = Release|x64
		{9D579C5A-F4EA-4873-859F-D699FA4E25D2}.Release|x64.Deploy.0 = Release|x64
		{9D579C5A-F4EA-4873-859F-D699FA4E25D2}.Release|x86.ActiveCfg = Release|x86
		{9D579C5A-F4EA-4873-859F-D699FA4E25D2}.Release|x86.Build.0 = Release|x86
		{9D579C5A-F4EA-4873-859F-D699FA4E25D2}.Release|x86.Deploy.0 = Release|x86
		{56F6BD18-05DE-4FD2-88D7-C85C968C0DB7}.Debug|Any CPU.ActiveCfg = Debug|x64
		{56F6BD18-05DE-4FD2-88D7-C85C968C0DB7}.Debug|Any CPU.Build.0 = Debug|x64
		{56F6BD18-05DE-4FD2-88D7-C85C968C0DB7}.Debug|Any CPU.Deploy.0 = Debug|x64
		{56F6BD18-05DE-4FD2-88D7-C85C968C0DB7}.Debug|ARM.ActiveCfg = Debug|ARM
		{56F6BD18-05DE-4FD2-88D7-C85C968C0DB7}.Debug|ARM.Build.0 = Debug|ARM
		{56F6BD18-05DE-4FD2-88D7-C85C968C0DB7}.Debug|ARM.Deploy.0 = Debug|ARM
		{56F6BD18-05DE-4FD2-88D7-C85C968C0DB7}.Debug|ARM64.ActiveCfg = Debug|ARM64
		{56F6BD18-05DE-4FD2-88D7-C85C968C0DB7}.Debug|ARM64.Build.0 = Debug|ARM64
		{56F6BD18-05DE-4FD2-88D7-C85C968C0DB7}.Debug|ARM64.Deploy.0 = Debug|ARM64
		{56F6BD18-05DE-4FD2-88D7-C85C968C0DB7}.Debug|x64.ActiveCfg = Debug|x64
		{56F6BD18-05DE-4FD2-88D7-C85C968C0DB7}.Debug|x64.Build.0 = Debug|x64
		{56F6BD18-05DE-4FD2-88D7-C85C968C0DB7}.Debug|x64.Deploy.0 = Debug|x64
		{56F6BD18-05DE-4FD2-88D7-C85C968C0DB7}.Debug|x86.ActiveCfg = Debug|x86
		{56F6BD18-05DE-4FD2-88D7-C85C968C0DB7}.Debug|x86.Build.0 = Debug|x86
		{56F6BD18-05DE-4FD2-88D7-C85C968C0DB7}.Debug|x86.Deploy.0 = Debug|x86
		{56F6BD18-05DE-4FD2-88D7-C85C968C0DB7}.Release|Any CPU.ActiveCfg = Release|x64
		{56F6BD18-05DE-4FD2-88D7-C85C968C0DB7}.Release|Any CPU.Build.0 = Release|x64
		{56F6BD18-05DE-4FD2-88D7-C85C968C0DB7}.Release|Any CPU.Deploy.0 = Release|x64
		{56F6BD18-05DE-4FD2-88D7-C85C968C0DB7}.Release|ARM.ActiveCfg = Release|ARM
		{56F6BD18-05DE-4FD2-88D7-C85C968C0DB7}.Release|ARM.Build.0 = Release|ARM
		{56F6BD18-05DE-4FD2-88D7-C85C968C0DB7}.Release|ARM.Deploy.0 = Release|ARM
		{56F6BD18-05DE-4FD2-88D7-C85C968C0DB7}.Release|ARM64.ActiveCfg = Release|ARM64
		{56F6BD18-05DE-4FD2-88D7-C85C968C0DB7}.Release|ARM64.Build.0 = Release|ARM64
		{56F6BD18-05DE-4FD2-88D7-C85C968C0DB7}.Release|ARM64.Deploy.0 = Release|ARM64
		{56F6BD18-05DE-4FD2-88D7-C85C968C0DB7}.Release|x64.ActiveCfg = Release|x64
		{56F6BD18-05DE-4FD2-88D7-C85C968C0DB7}.Release|x64.Build.0 = Release|x64
		{56F6BD18-05DE-4FD2-88D7-C85C968C0DB7}.Release|x64.Deploy.0 = Release|x64
		{56F6BD18-05DE-4FD2-88D7-C85C968C0DB7}.Release|x86.ActiveCfg = Release|x86
		{56F6BD18-05DE-4FD2-88D7-C85C968C0DB7}.Release|x86.Build.0 = Release|x86
		{56F6BD18-05DE-4FD2-88D7-C85C968C0DB7}.Release|x86.Deploy.0 = Release|x86
		{81D69B7B-3AD3-4307-9AD6-E2CFDBAE1809}.Debug|Any CPU.ActiveCfg = Debug|x64
		{81D69B7B-3AD3-4307-9AD6-E2CFDBAE1809}.Debug|Any CPU.Build.0 = Debug|x64
		{81D69B7B-3AD3-4307-9AD6-E2CFDBAE1809}.Debug|Any CPU.Deploy.0 = Debug|x64
		{81D69B7B-3AD3-4307-9AD6-E2CFDBAE1809}.Debug|ARM.ActiveCfg = Debug|ARM
		{81D69B7B-3AD3-4307-9AD6-E2CFDBAE1809}.Debug|ARM.Build.0 = Debug|ARM
		{81D69B7B-3AD3-4307-9AD6-E2CFDBAE1809}.Debug|ARM.Deploy.0 = Debug|ARM
		{81D69B7B-3AD3-4307-9AD6-E2CFDBAE1809}.Debug|ARM64.ActiveCfg = Debug|ARM64
		{81D69B7B-3AD3-4307-9AD6-E2CFDBAE1809}.Debug|ARM64.Build.0 = Debug|ARM64
		{81D69B7B-3AD3-4307-9AD6-E2CFDBAE1809}.Debug|ARM64.Deploy.0 = Debug|ARM64
		{81D69B7B-3AD3-4307-9AD6-E2CFDBAE1809}.Debug|x64.ActiveCfg = Debug|x64
		{81D69B7B-3AD3-4307-9AD6-E2CFDBAE1809}.Debug|x64.Build.0 = Debug|x64
		{81D69B7B-3AD3-4307-9AD6-E2CFDBAE1809}.Debug|x64.Deploy.0 = Debug|x64
		{81D69B7B-3AD3-4307-9AD6-E2CFDBAE1809}.Debug|x86.ActiveCfg = Debug|x86
		{81D69B7B-3AD3-4307-9AD6-E2CFDBAE1809}.Debug|x86.Build.0 = Debug|x86
		{81D69B7B-3AD3-4307-9AD6-E2CFDBAE1809}.Debug|x86.Deploy.0 = Debug|x86
		{81D69B7B-3AD3-4307-9AD6-E2CFDBAE1809}.Release|Any CPU.ActiveCfg = Release|x64
		{81D69B7B-3AD3-4307-9AD6-E2CFDBAE1809}.Release|Any CPU.Build.0 = Release|x64
		{81D69B7B-3AD3-4307-9AD6-E2CFDBAE1809}.Release|Any CPU.Deploy.0 = Release|x64
		{81D69B7B-3AD3-4307-9AD6-E2CFDBAE1809}.Release|ARM.ActiveCfg = Release|ARM
		{81D69B7B-3AD3-4307-9AD6-E2CFDBAE1809}.Release|ARM.Build.0 = Release|ARM
		{81D69B7B-3AD3-4307-9AD6-E2CFDBAE1809}.Release|ARM.Deploy.0 = Release|ARM
		{81D69B7B-3AD3-4307-9AD6-E2CFDBAE1809}.Release|ARM64.ActiveCfg = Release|ARM64
		{81D69B7B-3AD3-4307-9AD6-E2CFDBAE1809}.Release|ARM64.Build.0 = Release|ARM64
		{81D69B7B-3AD3-4307-9AD6-E2CFDBAE1809}.Release|ARM64.Deploy.0 = Release|ARM64
		{81D69B7B-3AD3-4307-9AD6-E2CFDBAE1809}.Release|x64.ActiveCfg = Release|x64
		{81D69B7B-3AD3-4307-9AD6-E2CFDBAE1809}.Release|x64.Build.0 = Release|x64
		{81D69B7B-3AD3-4307-9AD6-E2CFDBAE1809}.Release|x64.Deploy.0 = Release|x64
		{81D69B7B-3AD3-4307-9AD6-E2CFDBAE1809}.Release|x86.ActiveCfg = Release|x86
		{81D69B7B-3AD3-4307-9AD6-E2CFDBAE1809}.Release|x86.Build.0 = Release|x86
		{81D69B7B-3AD3-4307-9AD6-E2CFDBAE1809}.Release|x86.Deploy.0 = Release|x86
		{03A9D393-18EF-47D7-BF04-820B2AB80B9B}.Debug|Any CPU.ActiveCfg = Debug|x64
		{03A9D393-18EF-47D7-BF04-820B2AB80B9B}.Debug|Any CPU.Build.0 = Debug|x64
		{03A9D393-18EF-47D7-BF04-820B2AB80B9B}.Debug|Any CPU.Deploy.0 = Debug|x64
		{03A9D393-18EF-47D7-BF04-820B2AB80B9B}.Debug|ARM.ActiveCfg = Debug|ARM
		{03A9D393-18EF-47D7-BF04-820B2AB80B9B}.Debug|ARM.Build.0 = Debug|ARM
		{03A9D393-18EF-47D7-BF04-820B2AB80B9B}.Debug|ARM.Deploy.0 = Debug|ARM
		{03A9D393-18EF-47D7-BF04-820B2AB80B9B}.Debug|ARM64.ActiveCfg = Debug|ARM64
		{03A9D393-18EF-47D7-BF04-820B2AB80B9B}.Debug|ARM64.Build.0 = Debug|ARM64
		{03A9D393-18EF-47D7-BF04-820B2AB80B9B}.Debug|ARM64.Deploy.0 = Debug|ARM64
		{03A9D393-18EF-47D7-BF04-820B2AB80B9B}.Debug|x64.ActiveCfg = Debug|x64
		{03A9D393-18EF-47D7-BF04-820B2AB80B9B}.Debug|x64.Build.0 = Debug|x64
		{03A9D393-18EF-47D7-BF04-820B2AB80B9B}.Debug|x64.Deploy.0 = Debug|x64
		{03A9D393-18EF-47D7-BF04-820B2AB80B9B}.Debug|x86.ActiveCfg = Debug|x86
		{03A9D393-18EF-47D7-BF04-820B2AB80B9B}.Debug|x86.Build.0 = Debug|x86
		{03A9D393-18EF-47D7-BF04-820B2AB80B9B}.Debug|x86.Deploy.0 = Debug|x86
		{03A9D393-18EF-47D7-BF04-820B2AB80B9B}.Release|Any CPU.ActiveCfg = Release|x64
		{03A9D393-18EF-47D7-BF04-820B2AB80B9B}.Release|Any CPU.Build.0 = Release|x64
		{03A9D393-18EF-47D7-BF04-820B2AB80B9B}.Release|Any CPU.Deploy.0 = Release|x64
		{03A9D393-18EF-47D7-BF04-820B2AB80B9B}.Release|ARM.ActiveCfg = Release|ARM
		{03A9D393-18EF-47D7-BF04-820B2AB80B9B}.Release|ARM.Build.0 = Release|ARM
		{03A9D393-18EF-47D7-BF04-820B2AB80B9B}.Release|ARM.Deploy.0 = Release|ARM
		{03A9D393-18EF-47D7-BF04-820B2AB80B9B}.Release|ARM64.ActiveCfg = Release|ARM64
		{03A9D393-18EF-47D7-BF04-820B2AB80B9B}.Release|ARM64.Build.0 = Release|ARM64
		{03A9D393-18EF-47D7-BF04-820B2AB80B9B}.Release|ARM64.Deploy.0 = Release|ARM64
		{03A9D393-18EF-47D7-BF04-820B2AB80B9B}.Release|x64.ActiveCfg = Release|x64
		{03A9D393-18EF-47D7-BF04-820B2AB80B9B}.Release|x64.Build.0 = Release|x64
		{03A9D393-18EF-47D7-BF04-820B2AB80B9B}.Release|x64.Deploy.0 = Release|x64
		{03A9D393-18EF-47D7-BF04-820B2AB80B9B}.Release|x86.ActiveCfg = Release|x86
		{03A9D393-18EF-47D7-BF04-820B2AB80B9B}.Release|x86.Build.0 = Release|x86
		{03A9D393-18EF-47D7-BF04-820B2AB80B9B}.Release|x86.Deploy.0 = Release|x86
		{96B04F2F-BB9B-4A0E-87FF-B01E8C4A40AC}.Debug|Any CPU.ActiveCfg = Debug|x64
		{96B04F2F-BB9B-4A0E-87FF-B01E8C4A40AC}.Debug|Any CPU.Build.0 = Debug|x64
		{96B04F2F-BB9B-4A0E-87FF-B01E8C4A40AC}.Debug|Any CPU.Deploy.0 = Debug|x64
		{96B04F2F-BB9B-4A0E-87FF-B01E8C4A40AC}.Debug|ARM.ActiveCfg = Debug|ARM
		{96B04F2F-BB9B-4A0E-87FF-B01E8C4A40AC}.Debug|ARM.Build.0 = Debug|ARM
		{96B04F2F-BB9B-4A0E-87FF-B01E8C4A40AC}.Debug|ARM.Deploy.0 = Debug|ARM
		{96B04F2F-BB9B-4A0E-87FF-B01E8C4A40AC}.Debug|ARM64.ActiveCfg = Debug|ARM64
		{96B04F2F-BB9B-4A0E-87FF-B01E8C4A40AC}.Debug|ARM64.Build.0 = Debug|ARM64
		{96B04F2F-BB9B-4A0E-87FF-B01E8C4A40AC}.Debug|ARM64.Deploy.0 = Debug|ARM64
		{96B04F2F-BB9B-4A0E-87FF-B01E8C4A40AC}.Debug|x64.ActiveCfg = Debug|x64
		{96B04F2F-BB9B-4A0E-87FF-B01E8C4A40AC}.Debug|x64.Build.0 = Debug|x64
		{96B04F2F-BB9B-4A0E-87FF-B01E8C4A40AC}.Debug|x64.Deploy.0 = Debug|x64
		{96B04F2F-BB9B-4A0E-87FF-B01E8C4A40AC}.Debug|x86.ActiveCfg = Debug|x86
		{96B04F2F-BB9B-4A0E-87FF-B01E8C4A40AC}.Debug|x86.Build.0 = Debug|x86
		{96B04F2F-BB9B-4A0E-87FF-B01E8C4A40AC}.Debug|x86.Deploy.0 = Debug|x86
		{96B04F2F-BB9B-4A0E-87FF-B01E8C4A40AC}.Release|Any CPU.ActiveCfg = Release|x64
		{96B04F2F-BB9B-4A0E-87FF-B01E8C4A40AC}.Release|Any CPU.Build.0 = Release|x64
		{96B04F2F-BB9B-4A0E-87FF-B01E8C4A40AC}.Release|Any CPU.Deploy.0 = Release|x64
		{96B04F2F-BB9B-4A0E-87FF-B01E8C4A40AC}.Release|ARM.ActiveCfg = Release|ARM
		{96B04F2F-BB9B-4A0E-87FF-B01E8C4A40AC}.Release|ARM.Build.0 = Release|ARM
		{96B04F2F-BB9B-4A0E-87FF-B01E8C4A40AC}.Release|ARM.Deploy.0 = Release|ARM
		{96B04F2F-BB9B-4A0E-87FF-B01E8C4A40AC}.Release|ARM64.ActiveCfg = Release|ARM64
		{96B04F2F-BB9B-4A0E-87FF-B01E8C4A40AC}.Release|ARM64.Build.0 = Release|ARM64
		{96B04F2F-BB9B-4A0E-87FF-B01E8C4A40AC}.Release|ARM64.Deploy.0 = Release|ARM64
		{96B04F2F-BB9B-4A0E-87FF-B01E8C4A40AC}.Release|x64.ActiveCfg = Release|x64
		{96B04F2F-BB9B-4A0E-87FF-B01E8C4A40AC}.Release|x64.Build.0 = Release|x64
		{96B04F2F-BB9B-4A0E-87FF-B01E8C4A40AC}.Release|x64.Deploy.0 = Release|x64
		{96B04F2F-BB9B-4A0E-87FF-B01E8C4A40AC}.Release|x86.ActiveCfg = Release|x86
		{96B04F2F-BB9B-4A0E-87FF-B01E8C4A40AC}.Release|x86.Build.0 = Release|x86
		{96B04F2F-BB9B-4A0E-87FF-B01E8C4A40AC}.Release|x86.Deploy.0 = Release|x86
	EndGlobalSection
	GlobalSection(SolutionProperties) = preSolution
		HideSolutionNode = FALSE
	EndGlobalSection
	GlobalSection(ExtensibilityGlobals) = postSolution
		SolutionGuid = {4D40BEB8-528B-42A1-B19C-7EA3447524C7}
	EndGlobalSection
EndGlobal
